version = 1
requires-python = ">=3.12"

[[package]]
name = "dnspython"
version = "2.7.0"
source = { registry = "https://pypi.org/simple" }
sdist = { url = "https://files.pythonhosted.org/packages/b5/4a/263763cb2ba3816dd94b08ad3a33d5fdae34ecb856678773cc40a3605829/dnspython-2.7.0.tar.gz", hash = "sha256:ce9c432eda0dc91cf618a5cedf1a4e142651196bbcd2c80e89ed5a907e5cfaf1", size = 345197 }
wheels = [
    { url = "https://files.pythonhosted.org/packages/68/1b/e0a87d256e40e8c888847551b20a017a6b98139178505dc7ffb96f04e954/dnspython-2.7.0-py3-none-any.whl", hash = "sha256:b4c34b7d10b51bcc3a5071e7b8dee77939f1e878477eeecc965e9835f63c6c86", size = 313632 },
]

[[package]]
name = "mongodb-dev-cert-prep"
version = "0.1.0"
source = { virtual = "." }
dependencies = [
    { name = "pymongo" },
    { name = "python-dotenv" },
]

[package.metadata]
requires-dist = [
    { name = "pymongo", extras = ["srv"], specifier = ">=4.11.3" },
    { name = "python-dotenv", specifier = ">=1.0.1" },
]

[[package]]
name = "pymongo"
version = "4.11.3"
source = { registry = "https://pypi.org/simple" }
dependencies = [
    { name = "dnspython" },
]
sdist = { url = "https://files.pythonhosted.org/packages/db/e6/cdb1105c14a86aa2b1663a6cccc6bf54722bb12fb5d479979628142dde42/pymongo-4.11.3.tar.gz", hash = "sha256:b6f24aec7c0cfcf0ea9f89e92b7d40ba18a1e18c134815758f111ecb0122e61c", size = 2054848 }
wheels = [
    { url = "https://files.pythonhosted.org/packages/6d/cf/c606c9d889d8f34dcf80455e045854ef2fa187c439b22a6d30357790c12a/pymongo-4.11.3-cp312-cp312-macosx_10_13_x86_64.whl", hash = "sha256:5f48b7faf4064e5f484989608a59503b11b7f134ca344635e416b1b12e7dc255", size = 895374 },
    { url = "https://files.pythonhosted.org/packages/c6/f5/287e84ba6c8e34cb13f798e7e859b4dcbc5fab99261f91202a8027f62ba6/pymongo-4.11.3-cp312-cp312-macosx_11_0_arm64.whl", hash = "sha256:722f22bf18d208aa752591bde93e018065641711594e7a2fef0432da429264e8", size = 895063 },
    { url = "https://files.pythonhosted.org/packages/0e/ba/fe8964ec3f8d7348e9cd6a11864e1e84b2be62ea98ca0ba01a4f5b4d417d/pymongo-4.11.3-cp312-cp312-manylinux_2_17_aarch64.manylinux2014_aarch64.whl", hash = "sha256:5be1b35c4897626327c4e8bae14655807c2bc710504fa790bc19a72403142264", size = 1673722 },
    { url = "https://files.pythonhosted.org/packages/92/89/925b7160c517b66c80d05b36f63d4cc0d0ff23f01b5150b55936b5fab097/pymongo-4.11.3-cp312-cp312-manylinux_2_17_ppc64le.manylinux2014_ppc64le.whl", hash = "sha256:14f9e4d2172545798738d27bc6293b972c4f1f98cce248aa56e1e62c4c258ca7", size = 1737946 },
    { url = "https://files.pythonhosted.org/packages/f8/97/bcedba78ddbc1b8837bf556da55eb08a055e93b331722ecd1dad602a3427/pymongo-4.11.3-cp312-cp312-manylinux_2_17_s390x.manylinux2014_s390x.whl", hash = "sha256:cd3f7bafe441135f58d2b91a312714f423e15fed5afe3854880c8c61ad78d3ce", size = 1706981 },
    { url = "https://files.pythonhosted.org/packages/d7/ce/63719be395ec29b8f71fd267014af4957736b5297a1f51f76ef32d05a0cf/pymongo-4.11.3-cp312-cp312-manylinux_2_17_x86_64.manylinux2014_x86_64.whl", hash = "sha256:73de1b9f416a2662ba95b4b49edc963d47b93760a7e2b561b932c8099d160151", size = 1676948 },
    { url = "https://files.pythonhosted.org/packages/c1/36/de366cee39e6c2e64d824d1f2e5672381ec766c51224304d1aebf7db3507/pymongo-4.11.3-cp312-cp312-manylinux_2_5_i686.manylinux1_i686.manylinux_2_17_i686.manylinux2014_i686.whl", hash = "sha256:e24268e2d7ae96eab12161985b39e75a75185393134fc671f4bb1a16f50bf6f4", size = 1636072 },
    { url = "https://files.pythonhosted.org/packages/07/48/34751291a152e8098b4cf6f467046f00edd71b695d5cf6be1b15778cda63/pymongo-4.11.3-cp312-cp312-win32.whl", hash = "sha256:33a936d3c1828e4f52bed3dad6191a3618cc28ab056e2770390aec88d9e9f9ea", size = 864025 },
    { url = "https://files.pythonhosted.org/packages/96/8a/604fab1e1f45deb0dc19e06053369e7db44e3d1359a39e0fe376bdb95b41/pymongo-4.11.3-cp312-cp312-win_amd64.whl", hash = "sha256:c4673d8ef0c8ef712491a750adf64f7998202a82abd72be5be749749275b3edb", size = 882290 },
    { url = "https://files.pythonhosted.org/packages/01/f1/19f8a81ca1ef180983b89e24f8003863612aea358a06d7685566ccc18a87/pymongo-4.11.3-cp313-cp313-macosx_10_13_x86_64.whl", hash = "sha256:5e53b98c9700bb69f33a322b648d028bfe223ad135fb04ec48c0226998b80d0e", size = 949622 },
    { url = "https://files.pythonhosted.org/packages/67/9a/ae232aa9379a9e6cf325facf0f65176d70520d6a16807f4de2e1ccfb76ec/pymongo-4.11.3-cp313-cp313-macosx_11_0_arm64.whl", hash = "sha256:8464aff011208cf86eae28f4a3624ebc4a40783634e119b2b35852252b901ef3", size = 949299 },
    { url = "https://files.pythonhosted.org/packages/70/6d/1ddef8b6c6d598fe21c917d93c49a6304611a252a07e98a9b7e70e1b995b/pymongo-4.11.3-cp313-cp313-manylinux_2_17_aarch64.manylinux2014_aarch64.whl", hash = "sha256:3742ffc1951bec1450a5a6a02cfd40ddd4b1c9416b36c70ae439a532e8be0e05", size = 1937616 },
    { url = "https://files.pythonhosted.org/packages/13/9c/e735715789a876140f453def1b2015948708d224f1728f9b8412b6e495d2/pymongo-4.11.3-cp313-cp313-manylinux_2_17_ppc64le.manylinux2014_ppc64le.whl", hash = "sha256:a29294b508975a5dfd384f4b902cd121dc2b6e5d55ea2be2debffd2a63461cd9", size = 2015041 },
    { url = "https://files.pythonhosted.org/packages/fc/d3/cf41e9ce81644de9d8db54cc039823863e7240e021466ae093edc061683a/pymongo-4.11.3-cp313-cp313-manylinux_2_17_s390x.manylinux2014_s390x.whl", hash = "sha256:051c741586ab6efafe72e027504ac4e5f01c88eceec579e4e1a438a369a61b0c", size = 1978716 },
    { url = "https://files.pythonhosted.org/packages/be/c8/c3f15c6cc5a9e0a75d18ae86209584cb14fdca017197def9741bff19c151/pymongo-4.11.3-cp313-cp313-manylinux_2_17_x86_64.manylinux2014_x86_64.whl", hash = "sha256:4b05e03a327cdef28ec2bb72c974d412d308f5cf867a472ef17f9ac95d18ec05", size = 1939524 },
    { url = "https://files.pythonhosted.org/packages/1b/0d/613cd91c736325d05d2d5d389d06ed899bcdce5a265cb486b948729bf1eb/pymongo-4.11.3-cp313-cp313-manylinux_2_5_i686.manylinux1_i686.manylinux_2_17_i686.manylinux2014_i686.whl", hash = "sha256:dafeddf1db51df19effd0828ae75492b15d60c7faec388da08f1fe9593c88e7a", size = 1888960 },
    { url = "https://files.pythonhosted.org/packages/e7/eb/b1e9cf2e03a47c4f35ffc5db1cb0ed0f92c5fe58c6f5f04d5a2da9d6bb77/pymongo-4.11.3-cp313-cp313-win32.whl", hash = "sha256:40c55afb34788ae6a6b8c175421fa46a37cfc45de41fe4669d762c3b1bbda48e", size = 910370 },
    { url = "https://files.pythonhosted.org/packages/77/f3/023f12ee9028f341880016fd6251255bf755f70730440ad11bf745f5f9e4/pymongo-4.11.3-cp313-cp313-win_amd64.whl", hash = "sha256:a5b8b7ba9614a081d1f932724b7a6a20847f6c9629420ae81ce827db3b599af2", size = 932930 },
    { url = "https://files.pythonhosted.org/packages/d3/c7/0a145cc66fc756cea547b948150583357e5518cfa60b3ad0d3266d3ee168/pymongo-4.11.3-cp313-cp313t-macosx_10_13_x86_64.whl", hash = "sha256:0f23f849693e829655f667ea18b87bf34e1395237eb45084f3495317d455beb2", size = 1006138 },
    { url = "https://files.pythonhosted.org/packages/81/88/4ed3cd03d2f7835393a72ed87f5e9186f6fc54bcb0e9b7f718424c0b5db8/pymongo-4.11.3-cp313-cp313t-macosx_11_0_arm64.whl", hash = "sha256:62bcfa88deb4a6152a7c93bedd1a808497f6c2881424ca54c3c81964a51c5040", size = 1006125 },
    { url = "https://files.pythonhosted.org/packages/91/a9/d86844a9aff958c959e84b8223b9d226c3b39a71f2f2fbf2aa3a4a748212/pymongo-4.11.3-cp313-cp313t-manylinux_2_17_aarch64.manylinux2014_aarch64.whl", hash = "sha256:2eaa0233858f72074bf0319f5034018092b43f19202bd7ecb822980c35bfd623", size = 2266315 },
    { url = "https://files.pythonhosted.org/packages/1d/06/fff82b09382a887dab6207bb23778395c5986a5ddab6f55905ebdd82e10c/pymongo-4.11.3-cp313-cp313t-manylinux_2_17_ppc64le.manylinux2014_ppc64le.whl", hash = "sha256:0a434e081017be360595237cd1aeac3d047dd38e8785c549be80748608c1d4ca", size = 2353538 },
    { url = "https://files.pythonhosted.org/packages/5d/f7/ff5399baee5888eb686c1508d28b4e9d82b9da5ca63215f958356dee4016/pymongo-4.11.3-cp313-cp313t-manylinux_2_17_s390x.manylinux2014_s390x.whl", hash = "sha256:3e8aa65a9e4a989245198c249816d86cb240221861b748db92b8b3a5356bd6f1", size = 2312410 },
    { url = "https://files.pythonhosted.org/packages/b0/4d/1746ee984b229eddf5f768265b553a90b31b2395fb5ae1d30d28e430a862/pymongo-4.11.3-cp313-cp313t-manylinux_2_17_x86_64.manylinux2014_x86_64.whl", hash = "sha256:d0a91004029d1fc9e66a800e6da4170afaa9b93bcf41299e4b5951b837b3467a", size = 2263706 },
    { url = "https://files.pythonhosted.org/packages/1c/dc/5d4154c5baf62af9ffb9391cf41848a87cda97798f92e4336730690be7d5/pymongo-4.11.3-cp313-cp313t-manylinux_2_5_i686.manylinux1_i686.manylinux_2_17_i686.manylinux2014_i686.whl", hash = "sha256:1b992904ac78cb712b42c4b7348974ba1739137c1692cdf8bf75c3eeb22881a4", size = 2202724 },
    { url = "https://files.pythonhosted.org/packages/72/15/c18fcc456fdcb793714776da273fc4cba4579f21818f2219e23ff9512314/pymongo-4.11.3-cp313-cp313t-win32.whl", hash = "sha256:45e18bda802d95a2aed88e487f06becc3bd0b22286a25aeca8c46b8c64980dbb", size = 959256 },
    { url = "https://files.pythonhosted.org/packages/7d/64/11d87df61cdca4fef90388af592247e17f3d31b15a909780f186d2739592/pymongo-4.11.3-cp313-cp313t-win_amd64.whl", hash = "sha256:07d40b831590bc458b624f421849c2b09ad2b9110b956f658b583fe01fe01c01", size = 987855 },
]

[[package]]
name = "python-dotenv"
version = "1.0.1"
source = { registry = "https://pypi.org/simple" }
sdist = { url = "https://files.pythonhosted.org/packages/bc/57/e84d88dfe0aec03b7a2d4327012c1627ab5f03652216c63d49846d7a6c58/python-dotenv-1.0.1.tar.gz", hash = "sha256:e324ee90a023d808f1959c46bcbc04446a10ced277783dc6ee09987c37ec10ca", size = 39115 }
wheels = [
    { url = "https://files.pythonhosted.org/packages/6a/3e/b68c118422ec867fa7ab88444e1274aa40681c606d59ac27de5a5588f082/python_dotenv-1.0.1-py3-none-any.whl", hash = "sha256:f7b63ef50f1b690dddf550d03497b66d609393b40b564ed0d674909a68ebf16a", size = 19863 },
]
